STORAGE: NONE
STRATEGY: MIN
RESTRICTION: || (== net8.0) (== netstandard2.0)
NUGET
  remote: https://api.nuget.org/v3/index.json
    FSharp.Core (6.0)
    HtmlAgilityPack (1.12.4)
    System.Reflection.Emit.ILGeneration (4.7) - restriction: || (&& (== net8.0) (< netcoreapp2.0) (< netstandard2.1)) (&& (== net8.0) (< netstandard2.0)) (&& (== net8.0) (< portable-net45+wp8)) (&& (== net8.0) (>= uap10.1)) (== netstandard2.0)
    System.Reflection.Emit.Lightweight (4.7)
      System.Reflection.Emit.ILGeneration (>= 4.7) - restriction: || (&& (== net8.0) (< netcoreapp2.0) (< netstandard2.1)) (&& (== net8.0) (< netstandard2.0)) (&& (== net8.0) (< portable-net45+wp8)) (&& (== net8.0) (>= uap10.1)) (== netstandard2.0)
    System.Text.Json (5.0) - restriction: || (== net8.0) (&& (== netstandard2.0) (>= net5.0))
  remote: https://nuget.pkg.github.com/dotnet-websharper/index.json
    WebSharper (10.1.0.667)
      FSharp.Core (>= 6.0)
      System.Reflection.Emit.Lightweight (>= 4.7)
    WebSharper.AspNetCore (10.1.0.667)
      System.Text.Json (>= 5.0) - restriction: || (== net8.0) (&& (== netstandard2.0) (>= net5.0))
      WebSharper (10.1.0.667) - restriction: || (== net8.0) (&& (== netstandard2.0) (>= net5.0))
    WebSharper.FSharp (10.1.0.667)
      WebSharper (10.1.0.667)
    WebSharper.UI (10.1.0.667)
      HtmlAgilityPack (>= 1.12.4)
      WebSharper (>= 10.1.0.667 < 10.1.1)

GROUP wsbuild

GIT
  remote: https://github.com/dotnet-websharper/build-script
     (ae4e3345219bb1ef82143ad331e582f9c81791ac)